
Microsoft Visual Studio Solution File, Format Version 12.00
# Visual Studio Version 17
VisualStudioVersion = 17.3.32825.248
MinimumVisualStudioVersion = 10.0.40219.1
Project("{FAE04EC0-301F-11D3-BF4B-00C04F79EFBC}") = "IkMeKursaDarbs", "IkMeKursaDarbs\IkMeKursaDarbs.csproj", "{FD48DAF4-68BE-4344-867B-0900389F0877}"
EndProject
Global
	GlobalSection(SolutionConfigurationPlatforms) = preSolution
		Debug|Any CPU = Debug|Any CPU
		Release|Any CPU = Release|Any CPU
	EndGlobalSection
	GlobalSection(ProjectConfigurationPlatforms) = postSolution
		{FD48DAF4-68BE-4344-867B-0900389F0877}.Debug|Any CPU.ActiveCfg = Debug|Any CPU
		{FD48DAF4-68BE-4344-867B-0900389F0877}.Debug|Any CPU.Build.0 = Debug|Any CPU
		{FD48DAF4-68BE-4344-867B-0900389F0877}.Release|Any CPU.ActiveCfg = Release|Any CPU
		{FD48DAF4-68BE-4344-867B-0900389F0877}.Release|Any CPU.Build.0 = Release|Any CPU
	EndGlobalSection
	GlobalSection(SolutionProperties) = preSolution
		HideSolutionNode = FALSE
	EndGlobalSection
	GlobalSection(ExtensibilityGlobals) = postSolution
		SolutionGuid = {99A42F25-88B2-4370-892A-BE8560C6ED28}
	EndGlobalSection
EndGlobal
